
Microsoft Visual Studio Solution File, Format Version 12.00
# Visual Studio 2013
VisualStudioVersion = 12.0.30723.0
MinimumVisualStudioVersion = 10.0.40219.1
Project("{FAE04EC0-301F-11D3-BF4B-00C04F79EFBC}") = "JustAnExpression", "JustAnExpression\JustAnExpression.csproj", "{15DC00B4-7C1E-4A42-9526-637C129C4782}"
EndProject
Project("{FAE04EC0-301F-11D3-BF4B-00C04F79EFBC}") = "JustAnExpressionTests", "JustAnExpressionTests\JustAnExpressionTests.csproj", "{45FD2263-D58D-4404-B498-7BEC2296C566}"
EndProject
Global
	GlobalSection(TeamFoundationVersionControl) = preSolution
		SccNumberOfProjects = 1
		SccEnterpriseProvider = {4CA58AB2-18FA-4F8D-95D4-32DDF27D184C}
		SccTeamFoundationServer = https://tfs.codeplex.com/tfs/tfs21
		SccLocalPath0 = .
	EndGlobalSection
	GlobalSection(SolutionConfigurationPlatforms) = preSolution
		Debug|Any CPU = Debug|Any CPU
		Release|Any CPU = Release|Any CPU
	EndGlobalSection
	GlobalSection(ProjectConfigurationPlatforms) = postSolution
		{15DC00B4-7C1E-4A42-9526-637C129C4782}.Debug|Any CPU.ActiveCfg = Debug|Any CPU
		{15DC00B4-7C1E-4A42-9526-637C129C4782}.Debug|Any CPU.Build.0 = Debug|Any CPU
		{15DC00B4-7C1E-4A42-9526-637C129C4782}.Release|Any CPU.ActiveCfg = Release|Any CPU
		{15DC00B4-7C1E-4A42-9526-637C129C4782}.Release|Any CPU.Build.0 = Release|Any CPU
		{45FD2263-D58D-4404-B498-7BEC2296C566}.Debug|Any CPU.ActiveCfg = Debug|Any CPU
		{45FD2263-D58D-4404-B498-7BEC2296C566}.Debug|Any CPU.Build.0 = Debug|Any CPU
		{45FD2263-D58D-4404-B498-7BEC2296C566}.Release|Any CPU.ActiveCfg = Release|Any CPU
		{45FD2263-D58D-4404-B498-7BEC2296C566}.Release|Any CPU.Build.0 = Release|Any CPU
	EndGlobalSection
	GlobalSection(SolutionProperties) = preSolution
		HideSolutionNode = FALSE
	EndGlobalSection
EndGlobal
